github.com/marusama/cyclicbarrier v1.1.0 h1:ol/AG+sjvh5yz832avbNjaowoerBuD3AgozxL+aD9u0=
github.com/marusama/cyclicbarrier v1.1.0/go.mod h1:5u93l83cy51YXdz6eKq6kO9+9mGAooB6DHMAxcSuWwQ=
golang.org/x/sync v0.0.0-20201207232520-09787c993a3a h1:DcqTD9SDLc+1P/r1EmRBwnVsrOwW+kk2vWf9n+1sGhs=
golang.org/x/sync v0.0.0-20201207232520-09787c993a3a/go.mod h1:RxMgew5VJxzue5/jJTE5uejpjVlOe/izrB70Jof72aM=
